
Microsoft Visual Studio Solution File, Format Version 12.00
# Visual Studio Version 17
VisualStudioVersion = 17.2.32519.379
MinimumVisualStudioVersion = 10.0.40219.1
Project("{9A19103F-16F7-4668-BE54-9A1E7A4F7556}") = "API", "API\API.csproj", "{17C8B224-4929-4346-88B6-43C77C0D54AA}"
EndProject
Project("{9A19103F-16F7-4668-BE54-9A1E7A4F7556}") = "Domain", "Domain\Domain.csproj", "{CDB643D9-C349-4CF9-8F0C-6A3E982B55E4}"
EndProject
Project("{9A19103F-16F7-4668-BE54-9A1E7A4F7556}") = "Persistence", "Persistence\Persistence.csproj", "{CAA12C11-B948-4E08-8F7C-2B24B1BE68CA}"
EndProject
Project("{9A19103F-16F7-4668-BE54-9A1E7A4F7556}") = "Application", "Application\Application.csproj", "{EEB094AF-80C7-4F8A-BC16-3B989E6990B0}"
EndProject
Project("{9092AA53-FB77-4645-B42D-1CCCA6BD08BD}") = "client-app", "client-app\client-app.njsproj", "{D7DDE366-17E0-43C6-B40D-A4B7B933317A}"
EndProject
Project("{FAE04EC0-301F-11D3-BF4B-00C04F79EFBC}") = "Infrastructure", "Infrastructure\Infrastructure.csproj", "{B213F747-32E1-4BAF-9A4D-8C62E3BAAA97}"
EndProject
Global
	GlobalSection(SolutionConfigurationPlatforms) = preSolution
		Debug|Any CPU = Debug|Any CPU
		Release|Any CPU = Release|Any CPU
	EndGlobalSection
	GlobalSection(ProjectConfigurationPlatforms) = postSolution
		{17C8B224-4929-4346-88B6-43C77C0D54AA}.Debug|Any CPU.ActiveCfg = Debug|Any CPU
		{17C8B224-4929-4346-88B6-43C77C0D54AA}.Debug|Any CPU.Build.0 = Debug|Any CPU
		{17C8B224-4929-4346-88B6-43C77C0D54AA}.Release|Any CPU.ActiveCfg = Release|Any CPU
		{17C8B224-4929-4346-88B6-43C77C0D54AA}.Release|Any CPU.Build.0 = Release|Any CPU
		{CDB643D9-C349-4CF9-8F0C-6A3E982B55E4}.Debug|Any CPU.ActiveCfg = Debug|Any CPU
		{CDB643D9-C349-4CF9-8F0C-6A3E982B55E4}.Debug|Any CPU.Build.0 = Debug|Any CPU
		{CDB643D9-C349-4CF9-8F0C-6A3E982B55E4}.Release|Any CPU.ActiveCfg = Release|Any CPU
		{CDB643D9-C349-4CF9-8F0C-6A3E982B55E4}.Release|Any CPU.Build.0 = Release|Any CPU
		{CAA12C11-B948-4E08-8F7C-2B24B1BE68CA}.Debug|Any CPU.ActiveCfg = Debug|Any CPU
		{CAA12C11-B948-4E08-8F7C-2B24B1BE68CA}.Debug|Any CPU.Build.0 = Debug|Any CPU
		{CAA12C11-B948-4E08-8F7C-2B24B1BE68CA}.Release|Any CPU.ActiveCfg = Release|Any CPU
		{CAA12C11-B948-4E08-8F7C-2B24B1BE68CA}.Release|Any CPU.Build.0 = Release|Any CPU
		{EEB094AF-80C7-4F8A-BC16-3B989E6990B0}.Debug|Any CPU.ActiveCfg = Debug|Any CPU
		{EEB094AF-80C7-4F8A-BC16-3B989E6990B0}.Debug|Any CPU.Build.0 = Debug|Any CPU
		{EEB094AF-80C7-4F8A-BC16-3B989E6990B0}.Release|Any CPU.ActiveCfg = Release|Any CPU
		{EEB094AF-80C7-4F8A-BC16-3B989E6990B0}.Release|Any CPU.Build.0 = Release|Any CPU
		{D7DDE366-17E0-43C6-B40D-A4B7B933317A}.Debug|Any CPU.ActiveCfg = Debug|Any CPU
		{D7DDE366-17E0-43C6-B40D-A4B7B933317A}.Debug|Any CPU.Build.0 = Debug|Any CPU
		{D7DDE366-17E0-43C6-B40D-A4B7B933317A}.Release|Any CPU.ActiveCfg = Release|Any CPU
		{D7DDE366-17E0-43C6-B40D-A4B7B933317A}.Release|Any CPU.Build.0 = Release|Any CPU
		{B213F747-32E1-4BAF-9A4D-8C62E3BAAA97}.Debug|Any CPU.ActiveCfg = Debug|Any CPU
		{B213F747-32E1-4BAF-9A4D-8C62E3BAAA97}.Debug|Any CPU.Build.0 = Debug|Any CPU
		{B213F747-32E1-4BAF-9A4D-8C62E3BAAA97}.Release|Any CPU.ActiveCfg = Release|Any CPU
		{B213F747-32E1-4BAF-9A4D-8C62E3BAAA97}.Release|Any CPU.Build.0 = Release|Any CPU
	EndGlobalSection
	GlobalSection(SolutionProperties) = preSolution
		HideSolutionNode = FALSE
	EndGlobalSection
	GlobalSection(ExtensibilityGlobals) = postSolution
		SolutionGuid = {1B1B53E1-9AF3-4D63-BA63-949536B5E020}
	EndGlobalSection
EndGlobal
